
Microsoft Visual Studio Solution File, Format Version 12.00
# Visual Studio Version 17
VisualStudioVersion = 17.5.33627.172
MinimumVisualStudioVersion = 10.0.40219.1
Project("{FAE04EC0-301F-11D3-BF4B-00C04F79EFBC}") = "XFrame.Caching", "XFrame.Caching\XFrame.Caching.csproj", "{4BE4E5AA-93C6-4038-BE03-327820F731CB}"
EndProject
Global
	GlobalSection(SolutionConfigurationPlatforms) = preSolution
		Debug|Any CPU = Debug|Any CPU
		Release|Any CPU = Release|Any CPU
	EndGlobalSection
	GlobalSection(ProjectConfigurationPlatforms) = postSolution
		{4BE4E5AA-93C6-4038-BE03-327820F731CB}.Debug|Any CPU.ActiveCfg = Debug|Any CPU
		{4BE4E5AA-93C6-4038-BE03-327820F731CB}.Debug|Any CPU.Build.0 = Debug|Any CPU
		{4BE4E5AA-93C6-4038-BE03-327820F731CB}.Release|Any CPU.ActiveCfg = Release|Any CPU
		{4BE4E5AA-93C6-4038-BE03-327820F731CB}.Release|Any CPU.Build.0 = Release|Any CPU
	EndGlobalSection
	GlobalSection(SolutionProperties) = preSolution
		HideSolutionNode = FALSE
	EndGlobalSection
	GlobalSection(ExtensibilityGlobals) = postSolution
		SolutionGuid = {0D20C787-8315-40C0-AAC9-85FB620C211D}
	EndGlobalSection
EndGlobal
